{
    "_readme": [
        "This file locks the dependencies of your project to a known state",
        "Read more about it at https://getcomposer.org/doc/01-basic-usage.md#installing-dependencies",
        "This file is @generated automatically"
    ],
    "content-hash": "c2fa327a2b4928f9df4d8727a62fee41",
    "packages": [
        {
            "name": "cakephp/core",
            "version": "4.1.5",
            "source": {
                "type": "git",
                "url": "https://github.com/cakephp/core.git",
                "reference": "c7e88f1cd6dfe17065e71f1af305d415f155e97e"
            },
            "dist": {
                "type": "zip",
                "url": "https://api.github.com/repos/cakephp/core/zipball/c7e88f1cd6dfe17065e71f1af305d415f155e97e",
                "reference": "c7e88f1cd6dfe17065e71f1af305d415f155e97e",
                "shasum": ""
            },
            "require": {
                "cakephp/utility": "^4.0",
                "php": ">=7.2.0"
            },
            "suggest": {
                "cakephp/cache": "To use Configure::store() and restore().",
                "cakephp/event": "To use PluginApplicationInterface or plugin applications."
            },
            "type": "library",
            "autoload": {
                "psr-4": {
                    "Cake\\Core\\": "."
                },
                "files": [
                    "functions.php"
                ]
            },
            "notification-url": "https://packagist.org/downloads/",
            "license": [
                "MIT"
            ],
            "authors": [
                {
                    "name": "CakePHP Community",
                    "homepage": "https://github.com/cakephp/core/graphs/contributors"
                }
            ],
            "description": "CakePHP Framework Core classes",
            "homepage": "https://cakephp.org",
            "keywords": [
                "cakephp",
                "core",
                "framework"
            ],
            "time": "2020-08-13T23:43:58+00:00"
        },
        {
            "name": "cakephp/utility",
            "version": "4.1.5",
            "source": {
                "type": "git",
                "url": "https://github.com/cakephp/utility.git",
                "reference": "c65a5a169077c561b6e850e6d0ee85d9a54b6f5a"
            },
            "dist": {
                "type": "zip",
                "url": "https://api.github.com/repos/cakephp/utility/zipball/c65a5a169077c561b6e850e6d0ee85d9a54b6f5a",
                "reference": "c65a5a169077c561b6e850e6d0ee85d9a54b6f5a",
                "shasum": ""
            },
            "require": {
                "cakephp/core": "^4.0",
                "php": ">=7.2.0"
            },
            "suggest": {
                "ext-intl": "To use Text::transliterate() or Text::slug()",
                "lib-ICU": "To use Text::transliterate() or Text::slug()"
            },
            "type": "library",
            "autoload": {
                "psr-4": {
                    "Cake\\Utility\\": "."
                },
                "files": [
                    "bootstrap.php"
                ]
            },
            "notification-url": "https://packagist.org/downloads/",
            "license": [
                "MIT"
            ],
            "authors": [
                {
                    "name": "CakePHP Community",
                    "homepage": "https://github.com/cakephp/utility/graphs/contributors"
                }
            ],
            "description": "CakePHP Utility classes such as Inflector, String, Hash, and Security",
            "homepage": "https://cakephp.org",
            "keywords": [
                "cakephp",
                "hash",
                "inflector",
                "security",
                "string",
                "utility"
            ],
            "time": "2020-08-12T08:25:29+00:00"
        },
        {
            "name": "fxaps/xmpie-wsdl-wrapper-uproduce",
            "version": "9.8.2.1",
            "source": {
                "type": "git",
                "url": "https://github.com/fxaps/XMPie-WSDL-Wrapper-uProduce.git",
                "reference": "c53cb0f1dc400550b91c771407f300dc6e70415d"
            },
            "dist": {
                "type": "zip",
                "url": "https://api.github.com/repos/fxaps/XMPie-WSDL-Wrapper-uProduce/zipball/c53cb0f1dc400550b91c771407f300dc6e70415d",
                "reference": "c53cb0f1dc400550b91c771407f300dc6e70415d",
                "shasum": ""
            },
            "require": {
                "ext-soap": "*",
                "php": ">=7.4"
            },
            "require-dev": {
                "ext-json": "*",
                "phpunit/phpunit": "*"
            },
            "type": "library",
            "autoload": {
                "psr-4": {
                    "XMPieWsdlClient\\": "src"
                }
            },
            "notification-url": "https://packagist.org/downloads/",
            "license": [
                "MIT"
            ],
            "authors": [
                {
                    "name": "Andrew Rajcany",
                    "email": "Andrew.Rajcany@aus.fujixerox.com"
                }
            ],
            "description": "SOAPClient Class Extensions for XMPie uProduce WSDL API",
            "keywords": [
                "XMPie",
                "composer",
                "package",
                "soap",
                "wrapper"
            ],
            "time": "2020-09-28T09:56:18+00:00"
        }
    ],
    "packages-dev": [],
    "aliases": [],
    "minimum-stability": "stable",
    "stability-flags": [],
    "prefer-stable": true,
    "prefer-lowest": false,
    "platform": {
        "php": ">=7.0"
    },
    "platform-dev": []
}
